
Microsoft Visual Studio Solution File, Format Version 12.00
# Visual Studio Version 16
VisualStudioVersion = 16.0.31624.102
MinimumVisualStudioVersion = 10.0.40219.1
Project("{9A19103F-16F7-4668-BE54-9A1E7A4F7556}") = "API", "API\API.csproj", "{60F3B47A-4562-401B-AE2E-A15AE1728E9D}"
EndProject
Project("{FAE04EC0-301F-11D3-BF4B-00C04F79EFBC}") = "CORE", "CORE\CORE.csproj", "{FF734A27-0CBF-4F30-B120-F2986983BCDC}"
EndProject
Project("{FAE04EC0-301F-11D3-BF4B-00C04F79EFBC}") = "INFRASTRUCTURE", "INFRASTRUCTURE\INFRASTRUCTURE.csproj", "{A6DFBF80-12E6-4D02-80CE-DCFF083895CA}"
EndProject
Global
	GlobalSection(SolutionConfigurationPlatforms) = preSolution
		Debug|Any CPU = Debug|Any CPU
		Release|Any CPU = Release|Any CPU
	EndGlobalSection
	GlobalSection(ProjectConfigurationPlatforms) = postSolution
		{60F3B47A-4562-401B-AE2E-A15AE1728E9D}.Debug|Any CPU.ActiveCfg = Debug|Any CPU
		{60F3B47A-4562-401B-AE2E-A15AE1728E9D}.Debug|Any CPU.Build.0 = Debug|Any CPU
		{60F3B47A-4562-401B-AE2E-A15AE1728E9D}.Release|Any CPU.ActiveCfg = Release|Any CPU
		{60F3B47A-4562-401B-AE2E-A15AE1728E9D}.Release|Any CPU.Build.0 = Release|Any CPU
		{FF734A27-0CBF-4F30-B120-F2986983BCDC}.Debug|Any CPU.ActiveCfg = Debug|Any CPU
		{FF734A27-0CBF-4F30-B120-F2986983BCDC}.Debug|Any CPU.Build.0 = Debug|Any CPU
		{FF734A27-0CBF-4F30-B120-F2986983BCDC}.Release|Any CPU.ActiveCfg = Release|Any CPU
		{FF734A27-0CBF-4F30-B120-F2986983BCDC}.Release|Any CPU.Build.0 = Release|Any CPU
		{A6DFBF80-12E6-4D02-80CE-DCFF083895CA}.Debug|Any CPU.ActiveCfg = Debug|Any CPU
		{A6DFBF80-12E6-4D02-80CE-DCFF083895CA}.Debug|Any CPU.Build.0 = Debug|Any CPU
		{A6DFBF80-12E6-4D02-80CE-DCFF083895CA}.Release|Any CPU.ActiveCfg = Release|Any CPU
		{A6DFBF80-12E6-4D02-80CE-DCFF083895CA}.Release|Any CPU.Build.0 = Release|Any CPU
	EndGlobalSection
	GlobalSection(SolutionProperties) = preSolution
		HideSolutionNode = FALSE
	EndGlobalSection
	GlobalSection(ExtensibilityGlobals) = postSolution
		SolutionGuid = {C4B1EA0E-172E-4A8F-8CA2-B9E00977CBAC}
	EndGlobalSection
EndGlobal
